
Microsoft Visual Studio Solution File, Format Version 12.00
# Visual Studio 14
VisualStudioVersion = 14.0.24720.0
MinimumVisualStudioVersion = 10.0.40219.1
Project("{FAE04EC0-301F-11D3-BF4B-00C04F79EFBC}") = "SimpleXmlManager", "SimpleXmlManager\SimpleXmlManager.csproj", "{3232DB24-BC85-4B40-AB4D-E25B3CEF33A5}"
EndProject
Project("{FAE04EC0-301F-11D3-BF4B-00C04F79EFBC}") = "SimpleXmlManagerTestProject", "SimpleXmlManagerTestProject\SimpleXmlManagerTestProject.csproj", "{31274419-EC95-4EEF-961C-6B35E7C1EE03}"
EndProject
Global
	GlobalSection(SolutionConfigurationPlatforms) = preSolution
		Debug|Any CPU = Debug|Any CPU
		Release|Any CPU = Release|Any CPU
	EndGlobalSection
	GlobalSection(ProjectConfigurationPlatforms) = postSolution
		{3232DB24-BC85-4B40-AB4D-E25B3CEF33A5}.Debug|Any CPU.ActiveCfg = Debug|Any CPU
		{3232DB24-BC85-4B40-AB4D-E25B3CEF33A5}.Debug|Any CPU.Build.0 = Debug|Any CPU
		{3232DB24-BC85-4B40-AB4D-E25B3CEF33A5}.Release|Any CPU.ActiveCfg = Release|Any CPU
		{3232DB24-BC85-4B40-AB4D-E25B3CEF33A5}.Release|Any CPU.Build.0 = Release|Any CPU
		{31274419-EC95-4EEF-961C-6B35E7C1EE03}.Debug|Any CPU.ActiveCfg = Debug|Any CPU
		{31274419-EC95-4EEF-961C-6B35E7C1EE03}.Debug|Any CPU.Build.0 = Debug|Any CPU
		{31274419-EC95-4EEF-961C-6B35E7C1EE03}.Release|Any CPU.ActiveCfg = Release|Any CPU
		{31274419-EC95-4EEF-961C-6B35E7C1EE03}.Release|Any CPU.Build.0 = Release|Any CPU
	EndGlobalSection
	GlobalSection(SolutionProperties) = preSolution
		HideSolutionNode = FALSE
	EndGlobalSection
EndGlobal
